Microsoft Visual Studio Solution File, Format Version 12.00
# Visual Studio 14
VisualStudioVersion = 14.0.25420.1
MinimumVisualStudioVersion = 10.0.40219.1
Project("{2150E333-8FDC-42A3-9474-1A3956D46DE8}") = "(libobs)", "(libobs)", "{B3893F30-D58C-4FAD-9C2B-88272CAE715E}"
EndProject
Project("{8BC9CEB8-8B4A-11D0-8D11-00A0C91BC942}") = "libobs", "libobs\libobs.vcxproj", "{0AE9526A-10B0-3980-A7DB-6EE8599DC4E3}"
	ProjectSection(ProjectDependencies) = postProject
		{89477A01-A152-3252-80D5-D7A64FFB4495} = {89477A01-A152-3252-80D5-D7A64FFB4495}
		{88F21624-48A7-3014-934F-495DF4DAD2A2} = {88F21624-48A7-3014-934F-495DF4DAD2A2}
	EndProjectSection
EndProject
Project("{8BC9CEB8-8B4A-11D0-8D11-00A0C91BC942}") = "libobs-d3d11", "libobs-d3d11\libobs-d3d11.vcxproj", "{0A1FAF35-7A33-3685-BD19-C77DA09AABF4}"
	ProjectSection(ProjectDependencies) = postProject
		{0AE9526A-10B0-3980-A7DB-6EE8599DC4E3} = {0AE9526A-10B0-3980-A7DB-6EE8599DC4E3}
	EndProjectSection
EndProject
Project("{8BC9CEB8-8B4A-11D0-8D11-00A0C91BC942}") = "libobs-opengl", "libobs-opengl\libobs-opengl.vcxproj", "{AA40730F-1179-38F6-9BBF-B3C9701DAD0D}"
	ProjectSection(ProjectDependencies) = postProject
		{0AE9526A-10B0-3980-A7DB-6EE8599DC4E3} = {0AE9526A-10B0-3980-A7DB-6EE8599DC4E3}
		{3AFE22CD-34B1-3814-8E3D-CD8893FB2AED} = {3AFE22CD-34B1-3814-8E3D-CD8893FB2AED}
	EndProjectSection
EndProject
Project("{2150E333-8FDC-42A3-9474-1A3956D46DE8}") = "(deps)", "(deps)", "{89478747-6686-42FE-BA18-207D80A4D2AA}"
EndProject
Project("{8BC9CEB8-8B4A-11D0-8D11-00A0C91BC942}") = "blake2", "deps\blake2\blake2.vcxproj", "{0391086E-686C-3D9E-B1FE-93CD6E4B1929}"
EndProject
Project("{8BC9CEB8-8B4A-11D0-8D11-00A0C91BC942}") = "file-updater", "deps\file-updater\file-updater.vcxproj", "{3F2867F7-4263-39F7-97E6-99108A8566A2}"
	ProjectSection(ProjectDependencies) = postProject
		{88F21624-48A7-3014-934F-495DF4DAD2A2} = {88F21624-48A7-3014-934F-495DF4DAD2A2}
	EndProjectSection
EndProject
Project("{8BC9CEB8-8B4A-11D0-8D11-00A0C91BC942}") = "glad", "deps\glad\glad.vcxproj", "{3AFE22CD-34B1-3814-8E3D-CD8893FB2AED}"
EndProject
Project("{8BC9CEB8-8B4A-11D0-8D11-00A0C91BC942}") = "jansson", "deps\jansson\jansson.vcxproj", "{89477A01-A152-3252-80D5-D7A64FFB4495}"
EndProject
Project("{8BC9CEB8-8B4A-11D0-8D11-00A0C91BC942}") = "lzma", "deps\lzma\lzma.vcxproj", "{0593F228-AF94-393B-ABD9-5860F77AECC7}"
EndProject
Project("{8BC9CEB8-8B4A-11D0-8D11-00A0C91BC942}") = "w32-pthreads", "deps\w32-pthreads\w32-pthreads.vcxproj", "{88F21624-48A7-3014-934F-495DF4DAD2A2}"
EndProject
Project("{2150E333-8FDC-42A3-9474-1A3956D46DE8}") = "(plugins)", "(plugins)", "{1068D938-BD51-41C7-A2AB-5C4CEF3DFDEE}"
EndProject
Project("{8BC9CEB8-8B4A-11D0-8D11-00A0C91BC942}") = "coreaudio-encoder", "plugins\coreaudio-encoder\coreaudio-encoder.vcxproj", "{DD3251C0-319F-3F73-94BE-86B56E8DC84A}"
	ProjectSection(ProjectDependencies) = postProject
		{0AE9526A-10B0-3980-A7DB-6EE8599DC4E3} = {0AE9526A-10B0-3980-A7DB-6EE8599DC4E3}
	EndProjectSection
EndProject
Project("{8BC9CEB8-8B4A-11D0-8D11-00A0C91BC942}") = "win-decklink", "plugins\decklink\win-decklink.vcxproj", "{F16CE1DE-8928-3053-868B-BBBBEFAC08FD}"
	ProjectSection(ProjectDependencies) = postProject
		{0AE9526A-10B0-3980-A7DB-6EE8599DC4E3} = {0AE9526A-10B0-3980-A7DB-6EE8599DC4E3}
	EndProjectSection
EndProject
Project("{8BC9CEB8-8B4A-11D0-8D11-00A0C91BC942}") = "image-source", "plugins\image-source\image-source.vcxproj", "{05CEADF8-FA7F-3FA8-AAC6-ADF8AFEC9A88}"
	ProjectSection(ProjectDependencies) = postProject
		{88F21624-48A7-3014-934F-495DF4DAD2A2} = {88F21624-48A7-3014-934F-495DF4DAD2A2}
		{0AE9526A-10B0-3980-A7DB-6EE8599DC4E3} = {0AE9526A-10B0-3980-A7DB-6EE8599DC4E3}
	EndProjectSection
EndProject
Project("{8BC9CEB8-8B4A-11D0-8D11-00A0C91BC942}") = "obs-ffmpeg", "plugins\obs-ffmpeg\obs-ffmpeg.vcxproj", "{1A7021A2-79A7-3EB0-A239-25C760C687F3}"
	ProjectSection(ProjectDependencies) = postProject
		{88F21624-48A7-3014-934F-495DF4DAD2A2} = {88F21624-48A7-3014-934F-495DF4DAD2A2}
		{0AE9526A-10B0-3980-A7DB-6EE8599DC4E3} = {0AE9526A-10B0-3980-A7DB-6EE8599DC4E3}
		{36A88080-8674-32A4-AB31-6B2375B9D6E9} = {36A88080-8674-32A4-AB31-6B2375B9D6E9}
	EndProjectSection
EndProject
Project("{8BC9CEB8-8B4A-11D0-8D11-00A0C91BC942}") = "media-playback", "deps\media-playback\media-playback.vcxproj", "{36A88080-8674-32A4-AB31-6B2375B9D6E9}"
EndProject
Project("{8BC9CEB8-8B4A-11D0-8D11-00A0C91BC942}") = "win-capture", "plugins\win-capture\win-capture.vcxproj", "{BCCB6733-0344-34E0-9FBF-DC0223460420}"
	ProjectSection(ProjectDependencies) = postProject
		{0AE9526A-10B0-3980-A7DB-6EE8599DC4E3} = {0AE9526A-10B0-3980-A7DB-6EE8599DC4E3}
		{144AB6E2-065C-38EE-87B4-112AC38A5CFE} = {144AB6E2-065C-38EE-87B4-112AC38A5CFE}
	EndProjectSection
EndProject
Project("{8BC9CEB8-8B4A-11D0-8D11-00A0C91BC942}") = "text-freetype2", "plugins\text-freetype2\text-freetype2.vcxproj", "{0BFA809B-EF86-3822-A152-C8A201E956B7}"
	ProjectSection(ProjectDependencies) = postProject
		{0AE9526A-10B0-3980-A7DB-6EE8599DC4E3} = {0AE9526A-10B0-3980-A7DB-6EE8599DC4E3}
	EndProjectSection
EndProject
Project("{8BC9CEB8-8B4A-11D0-8D11-00A0C91BC942}") = "win-mf", "plugins\win-mf\win-mf.vcxproj", "{ECC0D076-CCE9-3F12-B72F-D0801816F554}"
	ProjectSection(ProjectDependencies) = postProject
		{0AE9526A-10B0-3980-A7DB-6EE8599DC4E3} = {0AE9526A-10B0-3980-A7DB-6EE8599DC4E3}
	EndProjectSection
EndProject
Project("{8BC9CEB8-8B4A-11D0-8D11-00A0C91BC942}") = "win-wasapi", "plugins\win-wasapi\win-wasapi.vcxproj", "{27078769-1F3B-3FE3-A14F-D281027B7CA4}"
	ProjectSection(ProjectDependencies) = postProject
		{0AE9526A-10B0-3980-A7DB-6EE8599DC4E3} = {0AE9526A-10B0-3980-A7DB-6EE8599DC4E3}
	EndProjectSection
EndProject
Project("{8BC9CEB8-8B4A-11D0-8D11-00A0C91BC942}") = "win-dshow", "plugins\win-dshow\win-dshow.vcxproj", "{348FE332-EDD5-3576-AFDC-52DC86C376B9}"
	ProjectSection(ProjectDependencies) = postProject
		{0AE9526A-10B0-3980-A7DB-6EE8599DC4E3} = {0AE9526A-10B0-3980-A7DB-6EE8599DC4E3}
	EndProjectSection
EndProject
Project("{8BC9CEB8-8B4A-11D0-8D11-00A0C91BC942}") = "rtmp-services", "plugins\rtmp-services\rtmp-services.vcxproj", "{0322A25F-CFB1-3B41-BA12-3613AB7DED5D}"
	ProjectSection(ProjectDependencies) = postProject
		{89477A01-A152-3252-80D5-D7A64FFB4495} = {89477A01-A152-3252-80D5-D7A64FFB4495}
		{88F21624-48A7-3014-934F-495DF4DAD2A2} = {88F21624-48A7-3014-934F-495DF4DAD2A2}
		{0AE9526A-10B0-3980-A7DB-6EE8599DC4E3} = {0AE9526A-10B0-3980-A7DB-6EE8599DC4E3}
		{3F2867F7-4263-39F7-97E6-99108A8566A2} = {3F2867F7-4263-39F7-97E6-99108A8566A2}
	EndProjectSection
EndProject
Project("{8BC9CEB8-8B4A-11D0-8D11-00A0C91BC942}") = "obs-filters", "plugins\obs-filters\obs-filters.vcxproj", "{7B39308C-03B1-3ABF-90BA-5AAE9919C3E3}"
	ProjectSection(ProjectDependencies) = postProject
		{88F21624-48A7-3014-934F-495DF4DAD2A2} = {88F21624-48A7-3014-934F-495DF4DAD2A2}
		{0AE9526A-10B0-3980-A7DB-6EE8599DC4E3} = {0AE9526A-10B0-3980-A7DB-6EE8599DC4E3}
	EndProjectSection
EndProject
Project("{8BC9CEB8-8B4A-11D0-8D11-00A0C91BC942}") = "obs-x264", "plugins\obs-x264\obs-x264.vcxproj", "{21A5ACE1-99E9-36E9-A665-7ACED70FDE02}"
	ProjectSection(ProjectDependencies) = postProject
		{0AE9526A-10B0-3980-A7DB-6EE8599DC4E3} = {0AE9526A-10B0-3980-A7DB-6EE8599DC4E3}
	EndProjectSection
EndProject
Project("{8BC9CEB8-8B4A-11D0-8D11-00A0C91BC942}") = "obs-transitions", "plugins\obs-transitions\obs-transitions.vcxproj", "{CF603AF2-7CF3-3AE0-B008-2E05E01DDC23}"
	ProjectSection(ProjectDependencies) = postProject
		{0AE9526A-10B0-3980-A7DB-6EE8599DC4E3} = {0AE9526A-10B0-3980-A7DB-6EE8599DC4E3}
	EndProjectSection
EndProject
Project("{8BC9CEB8-8B4A-11D0-8D11-00A0C91BC942}") = "obs-outputs", "plugins\obs-outputs\obs-outputs.vcxproj", "{206E07C2-9AA9-312A-8F7C-E7670A6C4993}"
	ProjectSection(ProjectDependencies) = postProject
		{89477A01-A152-3252-80D5-D7A64FFB4495} = {89477A01-A152-3252-80D5-D7A64FFB4495}
		{88F21624-48A7-3014-934F-495DF4DAD2A2} = {88F21624-48A7-3014-934F-495DF4DAD2A2}
		{0AE9526A-10B0-3980-A7DB-6EE8599DC4E3} = {0AE9526A-10B0-3980-A7DB-6EE8599DC4E3}
	EndProjectSection
EndProject
Project("{8BC9CEB8-8B4A-11D0-8D11-00A0C91BC942}") = "obs-text", "plugins\obs-text\obs-text.vcxproj", "{E801811F-5D33-3024-9314-ED8BF560B6BC}"
	ProjectSection(ProjectDependencies) = postProject
		{0AE9526A-10B0-3980-A7DB-6EE8599DC4E3} = {0AE9526A-10B0-3980-A7DB-6EE8599DC4E3}
	EndProjectSection
EndProject
Project("{8BC9CEB8-8B4A-11D0-8D11-00A0C91BC942}") = "obs-qsv11", "plugins\obs-qsv11\obs-qsv11.vcxproj", "{DD0D66A2-C22C-3340-8B22-7993806E2F67}"
	ProjectSection(ProjectDependencies) = postProject
		{0AE9526A-10B0-3980-A7DB-6EE8599DC4E3} = {0AE9526A-10B0-3980-A7DB-6EE8599DC4E3}
	EndProjectSection
EndProject
Project("{2150E333-8FDC-42A3-9474-1A3956D46DE8}") = "(win-capture)", "(win-capture)", "{10484529-DA04-4F61-BC66-941EE7CC9D77}"
EndProject
Project("{8BC9CEB8-8B4A-11D0-8D11-00A0C91BC942}") = "obs", "src-obs\obs.vcxproj", "{FA5AA431-FC0D-4951-ADAD-CBA988B964CD}"
	ProjectSection(ProjectDependencies) = postProject
		{AA40730F-1179-38F6-9BBF-B3C9701DAD0D} = {AA40730F-1179-38F6-9BBF-B3C9701DAD0D}
		{88F21624-48A7-3014-934F-495DF4DAD2A2} = {88F21624-48A7-3014-934F-495DF4DAD2A2}
		{0A1FAF35-7A33-3685-BD19-C77DA09AABF4} = {0A1FAF35-7A33-3685-BD19-C77DA09AABF4}
		{0AE9526A-10B0-3980-A7DB-6EE8599DC4E3} = {0AE9526A-10B0-3980-A7DB-6EE8599DC4E3}
	EndProjectSection
EndProject
Project("{8BC9CEB8-8B4A-11D0-8D11-00A0C91BC942}") = "get-graphics-offsets", "plugins\win-capture\get-graphics-offsets\get-graphics-offsets.vcxproj", "{4AED7C1C-7419-4530-9FDA-7060EE143DDF}"
EndProject
Project("{8BC9CEB8-8B4A-11D0-8D11-00A0C91BC942}") = "graphics-hook", "plugins\win-capture\graphics-hook\graphics-hook.vcxproj", "{012BFB69-6769-4C9D-A10B-5973906C928A}"
	ProjectSection(ProjectDependencies) = postProject
		{144AB6E2-065C-38EE-87B4-112AC38A5CFE} = {144AB6E2-065C-38EE-87B4-112AC38A5CFE}
	EndProjectSection
EndProject
Project("{8BC9CEB8-8B4A-11D0-8D11-00A0C91BC942}") = "inject-helper", "plugins\win-capture\inject-helper\inject-helper.vcxproj", "{E8B1D44D-E052-391E-855D-AE8F76622BA8}"
EndProject
Project("{8BC9CEB8-8B4A-11D0-8D11-00A0C91BC942}") = "ipc-util", "deps\ipc-util\ipc-util.vcxproj", "{144AB6E2-065C-38EE-87B4-112AC38A5CFE}"
EndProject
Project("{2150E333-8FDC-42A3-9474-1A3956D46DE8}") = "(uiextent)", "(uiextent)", "{4D92B237-6C5D-4D13-8095-F67F183D1C61}"
EndProject
Project("{8BC9CEB8-8B4A-11D0-8D11-00A0C91BC942}") = "obs-frontend-api", "uiextent\obs-frontend-api\obs-frontend-api.vcxproj", "{EE99BE3C-84E2-3851-BCCC-A26B9DCDB690}"
	ProjectSection(ProjectDependencies) = postProject
		{0AE9526A-10B0-3980-A7DB-6EE8599DC4E3} = {0AE9526A-10B0-3980-A7DB-6EE8599DC4E3}
	EndProjectSection
EndProject
Project("{2150E333-8FDC-42A3-9474-1A3956D46DE8}") = "thirds", "thirds", "{323B61F5-ACAA-41A8-950C-CCE086935C1A}"
EndProject
Project("{8BC9CEB8-8B4A-11D0-8D11-00A0C91BC942}") = "libglog", "third-lib\glog\libglog.vcxproj", "{34BD04BD-BC1D-4BFC-AAFC-ED02D9E960F1}"
EndProject
Global
	GlobalSection(SolutionConfigurationPlatforms) = preSolution
		Debug|x64 = Debug|x64
		Debug|x86 = Debug|x86
		Release|x64 = Release|x64
		Release|x86 = Release|x86
	EndGlobalSection
	GlobalSection(ProjectConfigurationPlatforms) = postSolution
		{0AE9526A-10B0-3980-A7DB-6EE8599DC4E3}.Debug|x64.ActiveCfg = Debug|x64
		{0AE9526A-10B0-3980-A7DB-6EE8599DC4E3}.Debug|x64.Build.0 = Debug|x64
		{0AE9526A-10B0-3980-A7DB-6EE8599DC4E3}.Debug|x86.ActiveCfg = Debug|Win32
		{0AE9526A-10B0-3980-A7DB-6EE8599DC4E3}.Debug|x86.Build.0 = Debug|Win32
		{0AE9526A-10B0-3980-A7DB-6EE8599DC4E3}.Release|x64.ActiveCfg = Release|x64
		{0AE9526A-10B0-3980-A7DB-6EE8599DC4E3}.Release|x64.Build.0 = Release|x64
		{0AE9526A-10B0-3980-A7DB-6EE8599DC4E3}.Release|x86.ActiveCfg = Release|Win32
		{0AE9526A-10B0-3980-A7DB-6EE8599DC4E3}.Release|x86.Build.0 = Release|Win32
		{0A1FAF35-7A33-3685-BD19-C77DA09AABF4}.Debug|x64.ActiveCfg = Debug|x64
		{0A1FAF35-7A33-3685-BD19-C77DA09AABF4}.Debug|x64.Build.0 = Debug|x64
		{0A1FAF35-7A33-3685-BD19-C77DA09AABF4}.Debug|x86.ActiveCfg = Debug|Win32
		{0A1FAF35-7A33-3685-BD19-C77DA09AABF4}.Debug|x86.Build.0 = Debug|Win32
		{0A1FAF35-7A33-3685-BD19-C77DA09AABF4}.Release|x64.ActiveCfg = Release|x64
		{0A1FAF35-7A33-3685-BD19-C77DA09AABF4}.Release|x64.Build.0 = Release|x64
		{0A1FAF35-7A33-3685-BD19-C77DA09AABF4}.Release|x86.ActiveCfg = Release|Win32
		{0A1FAF35-7A33-3685-BD19-C77DA09AABF4}.Release|x86.Build.0 = Release|Win32
		{AA40730F-1179-38F6-9BBF-B3C9701DAD0D}.Debug|x64.ActiveCfg = Debug|x64
		{AA40730F-1179-38F6-9BBF-B3C9701DAD0D}.Debug|x64.Build.0 = Debug|x64
		{AA40730F-1179-38F6-9BBF-B3C9701DAD0D}.Debug|x86.ActiveCfg = Debug|Win32
		{AA40730F-1179-38F6-9BBF-B3C9701DAD0D}.Debug|x86.Build.0 = Debug|Win32
		{AA40730F-1179-38F6-9BBF-B3C9701DAD0D}.Release|x64.ActiveCfg = Release|x64
		{AA40730F-1179-38F6-9BBF-B3C9701DAD0D}.Release|x64.Build.0 = Release|x64
		{AA40730F-1179-38F6-9BBF-B3C9701DAD0D}.Release|x86.ActiveCfg = Release|Win32
		{AA40730F-1179-38F6-9BBF-B3C9701DAD0D}.Release|x86.Build.0 = Release|Win32
		{0391086E-686C-3D9E-B1FE-93CD6E4B1929}.Debug|x64.ActiveCfg = Debug|x64
		{0391086E-686C-3D9E-B1FE-93CD6E4B1929}.Debug|x64.Build.0 = Debug|x64
		{0391086E-686C-3D9E-B1FE-93CD6E4B1929}.Debug|x86.ActiveCfg = Debug|Win32
		{0391086E-686C-3D9E-B1FE-93CD6E4B1929}.Debug|x86.Build.0 = Debug|Win32
		{0391086E-686C-3D9E-B1FE-93CD6E4B1929}.Release|x64.ActiveCfg = Release|x64
		{0391086E-686C-3D9E-B1FE-93CD6E4B1929}.Release|x64.Build.0 = Release|x64
		{0391086E-686C-3D9E-B1FE-93CD6E4B1929}.Release|x86.ActiveCfg = Release|Win32
		{0391086E-686C-3D9E-B1FE-93CD6E4B1929}.Release|x86.Build.0 = Release|Win32
		{3F2867F7-4263-39F7-97E6-99108A8566A2}.Debug|x64.ActiveCfg = Debug|x64
		{3F2867F7-4263-39F7-97E6-99108A8566A2}.Debug|x64.Build.0 = Debug|x64
		{3F2867F7-4263-39F7-97E6-99108A8566A2}.Debug|x86.ActiveCfg = Debug|Win32
		{3F2867F7-4263-39F7-97E6-99108A8566A2}.Debug|x86.Build.0 = Debug|Win32
		{3F2867F7-4263-39F7-97E6-99108A8566A2}.Release|x64.ActiveCfg = Release|x64
		{3F2867F7-4263-39F7-97E6-99108A8566A2}.Release|x64.Build.0 = Release|x64
		{3F2867F7-4263-39F7-97E6-99108A8566A2}.Release|x86.ActiveCfg = Release|Win32
		{3F2867F7-4263-39F7-97E6-99108A8566A2}.Release|x86.Build.0 = Release|Win32
		{3AFE22CD-34B1-3814-8E3D-CD8893FB2AED}.Debug|x64.ActiveCfg = Debug|x64
		{3AFE22CD-34B1-3814-8E3D-CD8893FB2AED}.Debug|x64.Build.0 = Debug|x64
		{3AFE22CD-34B1-3814-8E3D-CD8893FB2AED}.Debug|x86.ActiveCfg = Debug|Win32
		{3AFE22CD-34B1-3814-8E3D-CD8893FB2AED}.Debug|x86.Build.0 = Debug|Win32
		{3AFE22CD-34B1-3814-8E3D-CD8893FB2AED}.Release|x64.ActiveCfg = Release|x64
		{3AFE22CD-34B1-3814-8E3D-CD8893FB2AED}.Release|x64.Build.0 = Release|x64
		{3AFE22CD-34B1-3814-8E3D-CD8893FB2AED}.Release|x86.ActiveCfg = Release|Win32
		{3AFE22CD-34B1-3814-8E3D-CD8893FB2AED}.Release|x86.Build.0 = Release|Win32
		{89477A01-A152-3252-80D5-D7A64FFB4495}.Debug|x64.ActiveCfg = Debug|x64
		{89477A01-A152-3252-80D5-D7A64FFB4495}.Debug|x64.Build.0 = Debug|x64
		{89477A01-A152-3252-80D5-D7A64FFB4495}.Debug|x86.ActiveCfg = Debug|Win32
		{89477A01-A152-3252-80D5-D7A64FFB4495}.Debug|x86.Build.0 = Debug|Win32
		{89477A01-A152-3252-80D5-D7A64FFB4495}.Release|x64.ActiveCfg = Release|x64
		{89477A01-A152-3252-80D5-D7A64FFB4495}.Release|x64.Build.0 = Release|x64
		{89477A01-A152-3252-80D5-D7A64FFB4495}.Release|x86.ActiveCfg = Release|Win32
		{89477A01-A152-3252-80D5-D7A64FFB4495}.Release|x86.Build.0 = Release|Win32
		{0593F228-AF94-393B-ABD9-5860F77AECC7}.Debug|x64.ActiveCfg = Debug|x64
		{0593F228-AF94-393B-ABD9-5860F77AECC7}.Debug|x64.Build.0 = Debug|x64
		{0593F228-AF94-393B-ABD9-5860F77AECC7}.Debug|x86.ActiveCfg = Debug|Win32
		{0593F228-AF94-393B-ABD9-5860F77AECC7}.Debug|x86.Build.0 = Debug|Win32
		{0593F228-AF94-393B-ABD9-5860F77AECC7}.Release|x64.ActiveCfg = Release|x64
		{0593F228-AF94-393B-ABD9-5860F77AECC7}.Release|x64.Build.0 = Release|x64
		{0593F228-AF94-393B-ABD9-5860F77AECC7}.Release|x86.ActiveCfg = Release|Win32
		{0593F228-AF94-393B-ABD9-5860F77AECC7}.Release|x86.Build.0 = Release|Win32
		{88F21624-48A7-3014-934F-495DF4DAD2A2}.Debug|x64.ActiveCfg = Debug|x64
		{88F21624-48A7-3014-934F-495DF4DAD2A2}.Debug|x64.Build.0 = Debug|x64
		{88F21624-48A7-3014-934F-495DF4DAD2A2}.Debug|x86.ActiveCfg = Debug|Win32
		{88F21624-48A7-3014-934F-495DF4DAD2A2}.Debug|x86.Build.0 = Debug|Win32
		{88F21624-48A7-3014-934F-495DF4DAD2A2}.Release|x64.ActiveCfg = Release|x64
		{88F21624-48A7-3014-934F-495DF4DAD2A2}.Release|x64.Build.0 = Release|x64
		{88F21624-48A7-3014-934F-495DF4DAD2A2}.Release|x86.ActiveCfg = Release|Win32
		{88F21624-48A7-3014-934F-495DF4DAD2A2}.Release|x86.Build.0 = Release|Win32
		{DD3251C0-319F-3F73-94BE-86B56E8DC84A}.Debug|x64.ActiveCfg = Debug|x64
		{DD3251C0-319F-3F73-94BE-86B56E8DC84A}.Debug|x64.Build.0 = Debug|x64
		{DD3251C0-319F-3F73-94BE-86B56E8DC84A}.Debug|x86.ActiveCfg = Debug|Win32
		{DD3251C0-319F-3F73-94BE-86B56E8DC84A}.Debug|x86.Build.0 = Debug|Win32
		{DD3251C0-319F-3F73-94BE-86B56E8DC84A}.Release|x64.ActiveCfg = Release|x64
		{DD3251C0-319F-3F73-94BE-86B56E8DC84A}.Release|x64.Build.0 = Release|x64
		{DD3251C0-319F-3F73-94BE-86B56E8DC84A}.Release|x86.ActiveCfg = Release|Win32
		{DD3251C0-319F-3F73-94BE-86B56E8DC84A}.Release|x86.Build.0 = Release|Win32
		{F16CE1DE-8928-3053-868B-BBBBEFAC08FD}.Debug|x64.ActiveCfg = Debug|x64
		{F16CE1DE-8928-3053-868B-BBBBEFAC08FD}.Debug|x64.Build.0 = Debug|x64
		{F16CE1DE-8928-3053-868B-BBBBEFAC08FD}.Debug|x86.ActiveCfg = Debug|Win32
		{F16CE1DE-8928-3053-868B-BBBBEFAC08FD}.Debug|x86.Build.0 = Debug|Win32
		{F16CE1DE-8928-3053-868B-BBBBEFAC08FD}.Release|x64.ActiveCfg = Release|x64
		{F16CE1DE-8928-3053-868B-BBBBEFAC08FD}.Release|x64.Build.0 = Release|x64
		{F16CE1DE-8928-3053-868B-BBBBEFAC08FD}.Release|x86.ActiveCfg = Release|Win32
		{F16CE1DE-8928-3053-868B-BBBBEFAC08FD}.Release|x86.Build.0 = Release|Win32
		{05CEADF8-FA7F-3FA8-AAC6-ADF8AFEC9A88}.Debug|x64.ActiveCfg = Debug|x64
		{05CEADF8-FA7F-3FA8-AAC6-ADF8AFEC9A88}.Debug|x64.Build.0 = Debug|x64
		{05CEADF8-FA7F-3FA8-AAC6-ADF8AFEC9A88}.Debug|x86.ActiveCfg = Debug|Win32
		{05CEADF8-FA7F-3FA8-AAC6-ADF8AFEC9A88}.Debug|x86.Build.0 = Debug|Win32
		{05CEADF8-FA7F-3FA8-AAC6-ADF8AFEC9A88}.Release|x64.ActiveCfg = Release|x64
		{05CEADF8-FA7F-3FA8-AAC6-ADF8AFEC9A88}.Release|x64.Build.0 = Release|x64
		{05CEADF8-FA7F-3FA8-AAC6-ADF8AFEC9A88}.Release|x86.ActiveCfg = Release|Win32
		{05CEADF8-FA7F-3FA8-AAC6-ADF8AFEC9A88}.Release|x86.Build.0 = Release|Win32
		{1A7021A2-79A7-3EB0-A239-25C760C687F3}.Debug|x64.ActiveCfg = Debug|x64
		{1A7021A2-79A7-3EB0-A239-25C760C687F3}.Debug|x64.Build.0 = Debug|x64
		{1A7021A2-79A7-3EB0-A239-25C760C687F3}.Debug|x86.ActiveCfg = Debug|Win32
		{1A7021A2-79A7-3EB0-A239-25C760C687F3}.Debug|x86.Build.0 = Debug|Win32
		{1A7021A2-79A7-3EB0-A239-25C760C687F3}.Release|x64.ActiveCfg = Release|x64
		{1A7021A2-79A7-3EB0-A239-25C760C687F3}.Release|x64.Build.0 = Release|x64
		{1A7021A2-79A7-3EB0-A239-25C760C687F3}.Release|x86.ActiveCfg = Release|Win32
		{1A7021A2-79A7-3EB0-A239-25C760C687F3}.Release|x86.Build.0 = Release|Win32
		{36A88080-8674-32A4-AB31-6B2375B9D6E9}.Debug|x64.ActiveCfg = Debug|x64
		{36A88080-8674-32A4-AB31-6B2375B9D6E9}.Debug|x64.Build.0 = Debug|x64
		{36A88080-8674-32A4-AB31-6B2375B9D6E9}.Debug|x86.ActiveCfg = Debug|Win32
		{36A88080-8674-32A4-AB31-6B2375B9D6E9}.Debug|x86.Build.0 = Debug|Win32
		{36A88080-8674-32A4-AB31-6B2375B9D6E9}.Release|x64.ActiveCfg = Release|x64
		{36A88080-8674-32A4-AB31-6B2375B9D6E9}.Release|x64.Build.0 = Release|x64
		{36A88080-8674-32A4-AB31-6B2375B9D6E9}.Release|x86.ActiveCfg = Release|Win32
		{36A88080-8674-32A4-AB31-6B2375B9D6E9}.Release|x86.Build.0 = Release|Win32
		{BCCB6733-0344-34E0-9FBF-DC0223460420}.Debug|x64.ActiveCfg = Debug|x64
		{BCCB6733-0344-34E0-9FBF-DC0223460420}.Debug|x64.Build.0 = Debug|x64
		{BCCB6733-0344-34E0-9FBF-DC0223460420}.Debug|x86.ActiveCfg = Debug|Win32
		{BCCB6733-0344-34E0-9FBF-DC0223460420}.Debug|x86.Build.0 = Debug|Win32
		{BCCB6733-0344-34E0-9FBF-DC0223460420}.Release|x64.ActiveCfg = Release|x64
		{BCCB6733-0344-34E0-9FBF-DC0223460420}.Release|x64.Build.0 = Release|x64
		{BCCB6733-0344-34E0-9FBF-DC0223460420}.Release|x86.ActiveCfg = Release|Win32
		{BCCB6733-0344-34E0-9FBF-DC0223460420}.Release|x86.Build.0 = Release|Win32
		{0BFA809B-EF86-3822-A152-C8A201E956B7}.Debug|x64.ActiveCfg = Debug|x64
		{0BFA809B-EF86-3822-A152-C8A201E956B7}.Debug|x64.Build.0 = Debug|x64
		{0BFA809B-EF86-3822-A152-C8A201E956B7}.Debug|x86.ActiveCfg = Debug|Win32
		{0BFA809B-EF86-3822-A152-C8A201E956B7}.Debug|x86.Build.0 = Debug|Win32
		{0BFA809B-EF86-3822-A152-C8A201E956B7}.Release|x64.ActiveCfg = Release|x64
		{0BFA809B-EF86-3822-A152-C8A201E956B7}.Release|x64.Build.0 = Release|x64
		{0BFA809B-EF86-3822-A152-C8A201E956B7}.Release|x86.ActiveCfg = Release|Win32
		{0BFA809B-EF86-3822-A152-C8A201E956B7}.Release|x86.Build.0 = Release|Win32
		{ECC0D076-CCE9-3F12-B72F-D0801816F554}.Debug|x64.ActiveCfg = Debug|x64
		{ECC0D076-CCE9-3F12-B72F-D0801816F554}.Debug|x64.Build.0 = Debug|x64
		{ECC0D076-CCE9-3F12-B72F-D0801816F554}.Debug|x86.ActiveCfg = Debug|Win32
		{ECC0D076-CCE9-3F12-B72F-D0801816F554}.Debug|x86.Build.0 = Debug|Win32
		{ECC0D076-CCE9-3F12-B72F-D0801816F554}.Release|x64.ActiveCfg = Release|x64
		{ECC0D076-CCE9-3F12-B72F-D0801816F554}.Release|x64.Build.0 = Release|x64
		{ECC0D076-CCE9-3F12-B72F-D0801816F554}.Release|x86.ActiveCfg = Release|Win32
		{ECC0D076-CCE9-3F12-B72F-D0801816F554}.Release|x86.Build.0 = Release|Win32
		{27078769-1F3B-3FE3-A14F-D281027B7CA4}.Debug|x64.ActiveCfg = Debug|x64
		{27078769-1F3B-3FE3-A14F-D281027B7CA4}.Debug|x64.Build.0 = Debug|x64
		{27078769-1F3B-3FE3-A14F-D281027B7CA4}.Debug|x86.ActiveCfg = Debug|Win32
		{27078769-1F3B-3FE3-A14F-D281027B7CA4}.Debug|x86.Build.0 = Debug|Win32
		{27078769-1F3B-3FE3-A14F-D281027B7CA4}.Release|x64.ActiveCfg = Release|x64
		{27078769-1F3B-3FE3-A14F-D281027B7CA4}.Release|x64.Build.0 = Release|x64
		{27078769-1F3B-3FE3-A14F-D281027B7CA4}.Release|x86.ActiveCfg = Release|Win32
		{27078769-1F3B-3FE3-A14F-D281027B7CA4}.Release|x86.Build.0 = Release|Win32
		{348FE332-EDD5-3576-AFDC-52DC86C376B9}.Debug|x64.ActiveCfg = Debug|x64
		{348FE332-EDD5-3576-AFDC-52DC86C376B9}.Debug|x64.Build.0 = Debug|x64
		{348FE332-EDD5-3576-AFDC-52DC86C376B9}.Debug|x86.ActiveCfg = Debug|Win32
		{348FE332-EDD5-3576-AFDC-52DC86C376B9}.Debug|x86.Build.0 = Debug|Win32
		{348FE332-EDD5-3576-AFDC-52DC86C376B9}.Release|x64.ActiveCfg = Release|x64
		{348FE332-EDD5-3576-AFDC-52DC86C376B9}.Release|x64.Build.0 = Release|x64
		{348FE332-EDD5-3576-AFDC-52DC86C376B9}.Release|x86.ActiveCfg = Release|Win32
		{348FE332-EDD5-3576-AFDC-52DC86C376B9}.Release|x86.Build.0 = Release|Win32
		{0322A25F-CFB1-3B41-BA12-3613AB7DED5D}.Debug|x64.ActiveCfg = Debug|x64
		{0322A25F-CFB1-3B41-BA12-3613AB7DED5D}.Debug|x64.Build.0 = Debug|x64
		{0322A25F-CFB1-3B41-BA12-3613AB7DED5D}.Debug|x86.ActiveCfg = Debug|Win32
		{0322A25F-CFB1-3B41-BA12-3613AB7DED5D}.Debug|x86.Build.0 = Debug|Win32
		{0322A25F-CFB1-3B41-BA12-3613AB7DED5D}.Release|x64.ActiveCfg = Release|x64
		{0322A25F-CFB1-3B41-BA12-3613AB7DED5D}.Release|x64.Build.0 = Release|x64
		{0322A25F-CFB1-3B41-BA12-3613AB7DED5D}.Release|x86.ActiveCfg = Release|Win32
		{0322A25F-CFB1-3B41-BA12-3613AB7DED5D}.Release|x86.Build.0 = Release|Win32
		{7B39308C-03B1-3ABF-90BA-5AAE9919C3E3}.Debug|x64.ActiveCfg = Debug|x64
		{7B39308C-03B1-3ABF-90BA-5AAE9919C3E3}.Debug|x64.Build.0 = Debug|x64
		{7B39308C-03B1-3ABF-90BA-5AAE9919C3E3}.Debug|x86.ActiveCfg = Debug|Win32
		{7B39308C-03B1-3ABF-90BA-5AAE9919C3E3}.Debug|x86.Build.0 = Debug|Win32
		{7B39308C-03B1-3ABF-90BA-5AAE9919C3E3}.Release|x64.ActiveCfg = Release|x64
		{7B39308C-03B1-3ABF-90BA-5AAE9919C3E3}.Release|x64.Build.0 = Release|x64
		{7B39308C-03B1-3ABF-90BA-5AAE9919C3E3}.Release|x86.ActiveCfg = Release|Win32
		{7B39308C-03B1-3ABF-90BA-5AAE9919C3E3}.Release|x86.Build.0 = Release|Win32
		{21A5ACE1-99E9-36E9-A665-7ACED70FDE02}.Debug|x64.ActiveCfg = Debug|x64
		{21A5ACE1-99E9-36E9-A665-7ACED70FDE02}.Debug|x64.Build.0 = Debug|x64
		{21A5ACE1-99E9-36E9-A665-7ACED70FDE02}.Debug|x86.ActiveCfg = Debug|Win32
		{21A5ACE1-99E9-36E9-A665-7ACED70FDE02}.Debug|x86.Build.0 = Debug|Win32
		{21A5ACE1-99E9-36E9-A665-7ACED70FDE02}.Release|x64.ActiveCfg = Release|x64
		{21A5ACE1-99E9-36E9-A665-7ACED70FDE02}.Release|x64.Build.0 = Release|x64
		{21A5ACE1-99E9-36E9-A665-7ACED70FDE02}.Release|x86.ActiveCfg = Release|Win32
		{21A5ACE1-99E9-36E9-A665-7ACED70FDE02}.Release|x86.Build.0 = Release|Win32
		{CF603AF2-7CF3-3AE0-B008-2E05E01DDC23}.Debug|x64.ActiveCfg = Debug|x64
		{CF603AF2-7CF3-3AE0-B008-2E05E01DDC23}.Debug|x64.Build.0 = Debug|x64
		{CF603AF2-7CF3-3AE0-B008-2E05E01DDC23}.Debug|x86.ActiveCfg = Debug|Win32
		{CF603AF2-7CF3-3AE0-B008-2E05E01DDC23}.Debug|x86.Build.0 = Debug|Win32
		{CF603AF2-7CF3-3AE0-B008-2E05E01DDC23}.Release|x64.ActiveCfg = Release|x64
		{CF603AF2-7CF3-3AE0-B008-2E05E01DDC23}.Release|x64.Build.0 = Release|x64
		{CF603AF2-7CF3-3AE0-B008-2E05E01DDC23}.Release|x86.ActiveCfg = Release|Win32
		{CF603AF2-7CF3-3AE0-B008-2E05E01DDC23}.Release|x86.Build.0 = Release|Win32
		{206E07C2-9AA9-312A-8F7C-E7670A6C4993}.Debug|x64.ActiveCfg = Debug|x64
		{206E07C2-9AA9-312A-8F7C-E7670A6C4993}.Debug|x64.Build.0 = Debug|x64
		{206E07C2-9AA9-312A-8F7C-E7670A6C4993}.Debug|x86.ActiveCfg = Debug|Win32
		{206E07C2-9AA9-312A-8F7C-E7670A6C4993}.Debug|x86.Build.0 = Debug|Win32
		{206E07C2-9AA9-312A-8F7C-E7670A6C4993}.Release|x64.ActiveCfg = Release|x64
		{206E07C2-9AA9-312A-8F7C-E7670A6C4993}.Release|x64.Build.0 = Release|x64
		{206E07C2-9AA9-312A-8F7C-E7670A6C4993}.Release|x86.ActiveCfg = Release|Win32
		{206E07C2-9AA9-312A-8F7C-E7670A6C4993}.Release|x86.Build.0 = Release|Win32
		{E801811F-5D33-3024-9314-ED8BF560B6BC}.Debug|x64.ActiveCfg = Debug|x64
		{E801811F-5D33-3024-9314-ED8BF560B6BC}.Debug|x64.Build.0 = Debug|x64
		{E801811F-5D33-3024-9314-ED8BF560B6BC}.Debug|x86.ActiveCfg = Debug|Win32
		{E801811F-5D33-3024-9314-ED8BF560B6BC}.Debug|x86.Build.0 = Debug|Win32
		{E801811F-5D33-3024-9314-ED8BF560B6BC}.Release|x64.ActiveCfg = Release|x64
		{E801811F-5D33-3024-9314-ED8BF560B6BC}.Release|x64.Build.0 = Release|x64
		{E801811F-5D33-3024-9314-ED8BF560B6BC}.Release|x86.ActiveCfg = Release|Win32
		{E801811F-5D33-3024-9314-ED8BF560B6BC}.Release|x86.Build.0 = Release|Win32
		{DD0D66A2-C22C-3340-8B22-7993806E2F67}.Debug|x64.ActiveCfg = Debug|x64
		{DD0D66A2-C22C-3340-8B22-7993806E2F67}.Debug|x64.Build.0 = Debug|x64
		{DD0D66A2-C22C-3340-8B22-7993806E2F67}.Debug|x86.ActiveCfg = Debug|Win32
		{DD0D66A2-C22C-3340-8B22-7993806E2F67}.Debug|x86.Build.0 = Debug|Win32
		{DD0D66A2-C22C-3340-8B22-7993806E2F67}.Release|x64.ActiveCfg = Release|x64
		{DD0D66A2-C22C-3340-8B22-7993806E2F67}.Release|x64.Build.0 = Release|x64
		{DD0D66A2-C22C-3340-8B22-7993806E2F67}.Release|x86.ActiveCfg = Release|Win32
		{DD0D66A2-C22C-3340-8B22-7993806E2F67}.Release|x86.Build.0 = Release|Win32
		{FA5AA431-FC0D-4951-ADAD-CBA988B964CD}.Debug|x64.ActiveCfg = Debug|x64
		{FA5AA431-FC0D-4951-ADAD-CBA988B964CD}.Debug|x64.Build.0 = Debug|x64
		{FA5AA431-FC0D-4951-ADAD-CBA988B964CD}.Debug|x86.ActiveCfg = Debug|Win32
		{FA5AA431-FC0D-4951-ADAD-CBA988B964CD}.Debug|x86.Build.0 = Debug|Win32
		{FA5AA431-FC0D-4951-ADAD-CBA988B964CD}.Release|x64.ActiveCfg = Release|x64
		{FA5AA431-FC0D-4951-ADAD-CBA988B964CD}.Release|x64.Build.0 = Release|x64
		{FA5AA431-FC0D-4951-ADAD-CBA988B964CD}.Release|x86.ActiveCfg = Release|Win32
		{FA5AA431-FC0D-4951-ADAD-CBA988B964CD}.Release|x86.Build.0 = Release|Win32
		{4AED7C1C-7419-4530-9FDA-7060EE143DDF}.Debug|x64.ActiveCfg = Debug|x64
		{4AED7C1C-7419-4530-9FDA-7060EE143DDF}.Debug|x64.Build.0 = Debug|x64
		{4AED7C1C-7419-4530-9FDA-7060EE143DDF}.Debug|x86.ActiveCfg = Debug|Win32
		{4AED7C1C-7419-4530-9FDA-7060EE143DDF}.Debug|x86.Build.0 = Debug|Win32
		{4AED7C1C-7419-4530-9FDA-7060EE143DDF}.Release|x64.ActiveCfg = Release|x64
		{4AED7C1C-7419-4530-9FDA-7060EE143DDF}.Release|x64.Build.0 = Release|x64
		{4AED7C1C-7419-4530-9FDA-7060EE143DDF}.Release|x86.ActiveCfg = Release|Win32
		{4AED7C1C-7419-4530-9FDA-7060EE143DDF}.Release|x86.Build.0 = Release|Win32
		{012BFB69-6769-4C9D-A10B-5973906C928A}.Debug|x64.ActiveCfg = Debug|x64
		{012BFB69-6769-4C9D-A10B-5973906C928A}.Debug|x64.Build.0 = Debug|x64
		{012BFB69-6769-4C9D-A10B-5973906C928A}.Debug|x86.ActiveCfg = Debug|Win32
		{012BFB69-6769-4C9D-A10B-5973906C928A}.Debug|x86.Build.0 = Debug|Win32
		{012BFB69-6769-4C9D-A10B-5973906C928A}.Release|x64.ActiveCfg = Release|x64
		{012BFB69-6769-4C9D-A10B-5973906C928A}.Release|x64.Build.0 = Release|x64
		{012BFB69-6769-4C9D-A10B-5973906C928A}.Release|x86.ActiveCfg = Release|Win32
		{012BFB69-6769-4C9D-A10B-5973906C928A}.Release|x86.Build.0 = Release|Win32
		{E8B1D44D-E052-391E-855D-AE8F76622BA8}.Debug|x64.ActiveCfg = Debug|x64
		{E8B1D44D-E052-391E-855D-AE8F76622BA8}.Debug|x64.Build.0 = Debug|x64
		{E8B1D44D-E052-391E-855D-AE8F76622BA8}.Debug|x86.ActiveCfg = Debug|Win32
		{E8B1D44D-E052-391E-855D-AE8F76622BA8}.Debug|x86.Build.0 = Debug|Win32
		{E8B1D44D-E052-391E-855D-AE8F76622BA8}.Release|x64.ActiveCfg = Release|x64
		{E8B1D44D-E052-391E-855D-AE8F76622BA8}.Release|x64.Build.0 = Release|x64
		{E8B1D44D-E052-391E-855D-AE8F76622BA8}.Release|x86.ActiveCfg = Release|Win32
		{E8B1D44D-E052-391E-855D-AE8F76622BA8}.Release|x86.Build.0 = Release|Win32
		{144AB6E2-065C-38EE-87B4-112AC38A5CFE}.Debug|x64.ActiveCfg = Debug|x64
		{144AB6E2-065C-38EE-87B4-112AC38A5CFE}.Debug|x64.Build.0 = Debug|x64
		{144AB6E2-065C-38EE-87B4-112AC38A5CFE}.Debug|x86.ActiveCfg = Debug|Win32
		{144AB6E2-065C-38EE-87B4-112AC38A5CFE}.Debug|x86.Build.0 = Debug|Win32
		{144AB6E2-065C-38EE-87B4-112AC38A5CFE}.Release|x64.ActiveCfg = Release|x64
		{144AB6E2-065C-38EE-87B4-112AC38A5CFE}.Release|x64.Build.0 = Release|x64
		{144AB6E2-065C-38EE-87B4-112AC38A5CFE}.Release|x86.ActiveCfg = Release|Win32
		{144AB6E2-065C-38EE-87B4-112AC38A5CFE}.Release|x86.Build.0 = Release|Win32
		{EE99BE3C-84E2-3851-BCCC-A26B9DCDB690}.Debug|x64.ActiveCfg = Debug|x64
		{EE99BE3C-84E2-3851-BCCC-A26B9DCDB690}.Debug|x64.Build.0 = Debug|x64
		{EE99BE3C-84E2-3851-BCCC-A26B9DCDB690}.Debug|x86.ActiveCfg = Debug|Win32
		{EE99BE3C-84E2-3851-BCCC-A26B9DCDB690}.Debug|x86.Build.0 = Debug|Win32
		{EE99BE3C-84E2-3851-BCCC-A26B9DCDB690}.Release|x64.ActiveCfg = Release|x64
		{EE99BE3C-84E2-3851-BCCC-A26B9DCDB690}.Release|x64.Build.0 = Release|x64
		{EE99BE3C-84E2-3851-BCCC-A26B9DCDB690}.Release|x86.ActiveCfg = Release|Win32
		{EE99BE3C-84E2-3851-BCCC-A26B9DCDB690}.Release|x86.Build.0 = Release|Win32
		{34BD04BD-BC1D-4BFC-AAFC-ED02D9E960F1}.Debug|x64.ActiveCfg = Debug|Win32
		{34BD04BD-BC1D-4BFC-AAFC-ED02D9E960F1}.Debug|x86.ActiveCfg = Debug|Win32
		{34BD04BD-BC1D-4BFC-AAFC-ED02D9E960F1}.Debug|x86.Build.0 = Debug|Win32
		{34BD04BD-BC1D-4BFC-AAFC-ED02D9E960F1}.Release|x64.ActiveCfg = Release|Win32
		{34BD04BD-BC1D-4BFC-AAFC-ED02D9E960F1}.Release|x86.ActiveCfg = Release|Win32
		{34BD04BD-BC1D-4BFC-AAFC-ED02D9E960F1}.Release|x86.Build.0 = Release|Win32
	EndGlobalSection
	GlobalSection(SolutionProperties) = preSolution
		HideSolutionNode = FALSE
	EndGlobalSection
	GlobalSection(NestedProjects) = preSolution
		{0AE9526A-10B0-3980-A7DB-6EE8599DC4E3} = {B3893F30-D58C-4FAD-9C2B-88272CAE715E}
		{0A1FAF35-7A33-3685-BD19-C77DA09AABF4} = {B3893F30-D58C-4FAD-9C2B-88272CAE715E}
		{AA40730F-1179-38F6-9BBF-B3C9701DAD0D} = {B3893F30-D58C-4FAD-9C2B-88272CAE715E}
		{0391086E-686C-3D9E-B1FE-93CD6E4B1929} = {89478747-6686-42FE-BA18-207D80A4D2AA}
		{3F2867F7-4263-39F7-97E6-99108A8566A2} = {89478747-6686-42FE-BA18-207D80A4D2AA}
		{3AFE22CD-34B1-3814-8E3D-CD8893FB2AED} = {89478747-6686-42FE-BA18-207D80A4D2AA}
		{89477A01-A152-3252-80D5-D7A64FFB4495} = {89478747-6686-42FE-BA18-207D80A4D2AA}
		{0593F228-AF94-393B-ABD9-5860F77AECC7} = {89478747-6686-42FE-BA18-207D80A4D2AA}
		{88F21624-48A7-3014-934F-495DF4DAD2A2} = {89478747-6686-42FE-BA18-207D80A4D2AA}
		{DD3251C0-319F-3F73-94BE-86B56E8DC84A} = {1068D938-BD51-41C7-A2AB-5C4CEF3DFDEE}
		{F16CE1DE-8928-3053-868B-BBBBEFAC08FD} = {1068D938-BD51-41C7-A2AB-5C4CEF3DFDEE}
		{05CEADF8-FA7F-3FA8-AAC6-ADF8AFEC9A88} = {1068D938-BD51-41C7-A2AB-5C4CEF3DFDEE}
		{1A7021A2-79A7-3EB0-A239-25C760C687F3} = {1068D938-BD51-41C7-A2AB-5C4CEF3DFDEE}
		{36A88080-8674-32A4-AB31-6B2375B9D6E9} = {89478747-6686-42FE-BA18-207D80A4D2AA}
		{BCCB6733-0344-34E0-9FBF-DC0223460420} = {10484529-DA04-4F61-BC66-941EE7CC9D77}
		{0BFA809B-EF86-3822-A152-C8A201E956B7} = {1068D938-BD51-41C7-A2AB-5C4CEF3DFDEE}
		{ECC0D076-CCE9-3F12-B72F-D0801816F554} = {1068D938-BD51-41C7-A2AB-5C4CEF3DFDEE}
		{27078769-1F3B-3FE3-A14F-D281027B7CA4} = {1068D938-BD51-41C7-A2AB-5C4CEF3DFDEE}
		{348FE332-EDD5-3576-AFDC-52DC86C376B9} = {1068D938-BD51-41C7-A2AB-5C4CEF3DFDEE}
		{0322A25F-CFB1-3B41-BA12-3613AB7DED5D} = {1068D938-BD51-41C7-A2AB-5C4CEF3DFDEE}
		{7B39308C-03B1-3ABF-90BA-5AAE9919C3E3} = {1068D938-BD51-41C7-A2AB-5C4CEF3DFDEE}
		{21A5ACE1-99E9-36E9-A665-7ACED70FDE02} = {1068D938-BD51-41C7-A2AB-5C4CEF3DFDEE}
		{CF603AF2-7CF3-3AE0-B008-2E05E01DDC23} = {1068D938-BD51-41C7-A2AB-5C4CEF3DFDEE}
		{206E07C2-9AA9-312A-8F7C-E7670A6C4993} = {1068D938-BD51-41C7-A2AB-5C4CEF3DFDEE}
		{E801811F-5D33-3024-9314-ED8BF560B6BC} = {1068D938-BD51-41C7-A2AB-5C4CEF3DFDEE}
		{DD0D66A2-C22C-3340-8B22-7993806E2F67} = {1068D938-BD51-41C7-A2AB-5C4CEF3DFDEE}
		{10484529-DA04-4F61-BC66-941EE7CC9D77} = {1068D938-BD51-41C7-A2AB-5C4CEF3DFDEE}
		{4AED7C1C-7419-4530-9FDA-7060EE143DDF} = {10484529-DA04-4F61-BC66-941EE7CC9D77}
		{012BFB69-6769-4C9D-A10B-5973906C928A} = {10484529-DA04-4F61-BC66-941EE7CC9D77}
		{E8B1D44D-E052-391E-855D-AE8F76622BA8} = {10484529-DA04-4F61-BC66-941EE7CC9D77}
		{144AB6E2-065C-38EE-87B4-112AC38A5CFE} = {89478747-6686-42FE-BA18-207D80A4D2AA}
		{EE99BE3C-84E2-3851-BCCC-A26B9DCDB690} = {4D92B237-6C5D-4D13-8095-F67F183D1C61}
		{34BD04BD-BC1D-4BFC-AAFC-ED02D9E960F1} = {323B61F5-ACAA-41A8-950C-CCE086935C1A}
	EndGlobalSection
	GlobalSection(ExtensibilityGlobals) = postSolution
		SolutionGuid = {87B473C1-7A98-3726-893D-0474AC7324CB}
	EndGlobalSection
EndGlobal
