<?xml version="1.0" encoding="utf-8"?>
<Project ToolsVersion="14.0" xmlns="http://schemas.microsoft.com/developer/msbuild/2003">
  <ItemGroup>
    <ClCompile Include="net-if.c" />
    <ClCompile Include="null-output.c" />
    <ClCompile Include="obs-outputs.c" />
    <ClCompile Include="rtmp-stream.c" />
    <ClCompile Include="rtmp-windows.c" />
    <ClCompile Include="librtmp\amf.c">
      <Filter>librtmp</Filter>
    </ClCompile>
    <ClCompile Include="librtmp\cencode.c">
      <Filter>librtmp</Filter>
    </ClCompile>
    <ClCompile Include="librtmp\hashswf.c">
      <Filter>librtmp</Filter>
    </ClCompile>
    <ClCompile Include="librtmp\log.c">
      <Filter>librtmp</Filter>
    </ClCompile>
    <ClCompile Include="librtmp\md5.c">
      <Filter>librtmp</Filter>
    </ClCompile>
    <ClCompile Include="librtmp\parseurl.c">
      <Filter>librtmp</Filter>
    </ClCompile>
    <ClCompile Include="librtmp\rtmp.c">
      <Filter>librtmp</Filter>
    </ClCompile>
    <ClCompile Include="flv-mux.c" />
    <ClCompile Include="flv-output.c" />
    <ClCompile Include="ftl-stream.c" />
    <ClCompile Include="ftl-sdk\libftl\ftl_helpers.c">
      <Filter>flt</Filter>
    </ClCompile>
    <ClCompile Include="ftl-sdk\libftl\ftl-sdk.c">
      <Filter>flt</Filter>
    </ClCompile>
    <ClCompile Include="ftl-sdk\libftl\handshake.c">
      <Filter>flt</Filter>
    </ClCompile>
    <ClCompile Include="ftl-sdk\libftl\ingest.c">
      <Filter>flt</Filter>
    </ClCompile>
    <ClCompile Include="ftl-sdk\libftl\logging.c">
      <Filter>flt</Filter>
    </ClCompile>
    <ClCompile Include="ftl-sdk\libftl\media.c">
      <Filter>flt</Filter>
    </ClCompile>
    <ClCompile Include="ftl-sdk\libftl\win32\socket.c">
      <Filter>flt</Filter>
    </ClCompile>
    <ClCompile Include="ftl-sdk\libftl\win32\threads.c">
      <Filter>flt</Filter>
    </ClCompile>
    <ClCompile Include="ftl-sdk\libftl\gettimeofday\gettimeofday.c">
      <Filter>flt</Filter>
    </ClCompile>
    <ClCompile Include="ftl-sdk\libftl\hmac\hmac.c">
      <Filter>flt</Filter>
    </ClCompile>
    <ClCompile Include="ftl-sdk\libftl\hmac\sha2.c">
      <Filter>flt</Filter>
    </ClCompile>
  </ItemGroup>
  <ItemGroup>
    <ClInclude Include="rtmp-stream.h" />
    <ClInclude Include="net-if.h" />
    <ClInclude Include="obs-output-ver.h" />
    <ClInclude Include="rtmp-helpers.h" />
    <ClInclude Include="librtmp\amf.h">
      <Filter>librtmp</Filter>
    </ClInclude>
    <ClInclude Include="librtmp\bytes.h">
      <Filter>librtmp</Filter>
    </ClInclude>
    <ClInclude Include="librtmp\cencode.h">
      <Filter>librtmp</Filter>
    </ClInclude>
    <ClInclude Include="librtmp\dh.h">
      <Filter>librtmp</Filter>
    </ClInclude>
    <ClInclude Include="librtmp\dhgroups.h">
      <Filter>librtmp</Filter>
    </ClInclude>
    <ClInclude Include="librtmp\handshake.h">
      <Filter>librtmp</Filter>
    </ClInclude>
    <ClInclude Include="librtmp\http.h">
      <Filter>librtmp</Filter>
    </ClInclude>
    <ClInclude Include="librtmp\log.h">
      <Filter>librtmp</Filter>
    </ClInclude>
    <ClInclude Include="librtmp\md5.h">
      <Filter>librtmp</Filter>
    </ClInclude>
    <ClInclude Include="librtmp\rtmp.h">
      <Filter>librtmp</Filter>
    </ClInclude>
    <ClInclude Include="librtmp\rtmp_sys.h">
      <Filter>librtmp</Filter>
    </ClInclude>
    <ClInclude Include="obs-outputs-config.h" />
    <ClInclude Include="flv-mux.h" />
    <ClInclude Include="ftl-sdk\libftl\ftl.h">
      <Filter>flt</Filter>
    </ClInclude>
    <ClInclude Include="ftl-sdk\libftl\ftl_private.h">
      <Filter>flt</Filter>
    </ClInclude>
    <ClInclude Include="ftl-sdk\libftl\win32\socket.h">
      <Filter>flt</Filter>
    </ClInclude>
    <ClInclude Include="ftl-sdk\libftl\win32\threads.h">
      <Filter>flt</Filter>
    </ClInclude>
    <ClInclude Include="ftl-sdk\libftl\gettimeofday\gettimeofday.h">
      <Filter>flt</Filter>
    </ClInclude>
    <ClInclude Include="ftl-sdk\libftl\hmac\hmac.h">
      <Filter>flt</Filter>
    </ClInclude>
    <ClInclude Include="ftl-sdk\libftl\hmac\sha2.h">
      <Filter>flt</Filter>
    </ClInclude>
  </ItemGroup>
  <ItemGroup>
    <Filter Include="librtmp">
      <UniqueIdentifier>{b13dce38-7c21-4fbd-8e36-831c9d7d9264}</UniqueIdentifier>
    </Filter>
    <Filter Include="flt">
      <UniqueIdentifier>{212e7d90-74c2-41dc-bded-9ea6b97d1620}</UniqueIdentifier>
    </Filter>
  </ItemGroup>
</Project>