<?xml version="1.0" encoding="utf-8"?>
<Project ToolsVersion="14.0" xmlns="http://schemas.microsoft.com/developer/msbuild/2003">
  <ItemGroup>
    <ClCompile Include="async-delay-filter.c" />
    <ClCompile Include="chroma-key-filter.c" />
    <ClCompile Include="color-correction-filter.c" />
    <ClCompile Include="color-grade-filter.c" />
    <ClCompile Include="color-key-filter.c" />
    <ClCompile Include="compressor-filter.c" />
    <ClCompile Include="crop-filter.c" />
    <ClCompile Include="gain-filter.c" />
    <ClCompile Include="gpu-delay.c" />
    <ClCompile Include="mask-filter.c" />
    <ClCompile Include="noise-gate-filter.c" />
    <ClCompile Include="noise-suppress-filter.c" />
    <ClCompile Include="obs-filters.c" />
    <ClCompile Include="scale-filter.c" />
    <ClCompile Include="scroll-filter.c" />
    <ClCompile Include="sharpness-filter.c" />
  </ItemGroup>
</Project>