<?xml version="1.0" encoding="utf-8"?>
<Project ToolsVersion="14.0" xmlns="http://schemas.microsoft.com/developer/msbuild/2003">
  <ItemGroup>
    <ClCompile Include="audio-repack.c" />
    <ClCompile Include="decklink.cpp" />
    <ClCompile Include="decklink-device.cpp" />
    <ClCompile Include="decklink-device-discovery.cpp" />
    <ClCompile Include="decklink-device-instance.cpp" />
    <ClCompile Include="decklink-device-mode.cpp" />
    <ClCompile Include="platform.cpp" />
    <ClCompile Include="plugin-main.cpp" />
    <ClCompile Include="DeckLinkAPI_i.c" />
  </ItemGroup>
  <ItemGroup>
    <ClInclude Include="audio-repack.h" />
    <ClInclude Include="audio-repack.hpp" />
    <ClInclude Include="decklink.hpp" />
    <ClInclude Include="DeckLinkAPIVersion.h" />
    <ClInclude Include="decklink-device.hpp" />
    <ClInclude Include="decklink-device-discovery.hpp" />
    <ClInclude Include="decklink-device-instance.hpp" />
    <ClInclude Include="decklink-device-mode.hpp" />
    <ClInclude Include="platform.hpp" />
    <ClInclude Include="DeckLinkAPI.h" />
  </ItemGroup>
</Project>