<?xml version="1.0" encoding="utf-8"?>
<Project ToolsVersion="14.0" xmlns="http://schemas.microsoft.com/developer/msbuild/2003">
  <ItemGroup>
    <ClCompile Include="app-helpers.c" />
    <ClCompile Include="cursor-capture.c" />
    <ClCompile Include="dc-capture.c" />
    <ClCompile Include="duplicator-monitor-capture.c" />
    <ClCompile Include="funchook.c" />
    <ClCompile Include="game-capture.c" />
    <ClCompile Include="inject-library.c" />
    <ClCompile Include="load-graphics-offsets.c" />
    <ClCompile Include="monitor-capture.c" />
    <ClCompile Include="obfuscate.c" />
    <ClCompile Include="plugin-main.c" />
    <ClCompile Include="window-capture.c" />
    <ClCompile Include="window-helpers.c" />
  </ItemGroup>
  <ItemGroup>
    <ClInclude Include="app-helpers.h" />
    <ClInclude Include="cursor-capture.h" />
    <ClInclude Include="dc-capture.h" />
    <ClInclude Include="funchook.h" />
    <ClInclude Include="graphics-hook-info.h" />
    <ClInclude Include="hook-helpers.h" />
    <ClInclude Include="inject-library.h" />
    <ClInclude Include="nt-stuff.h" />
    <ClInclude Include="obfuscate.h" />
    <ClInclude Include="window-helpers.h" />
  </ItemGroup>
</Project>