<?xml version="1.0" encoding="utf-8"?>
<Project ToolsVersion="14.0" xmlns="http://schemas.microsoft.com/developer/msbuild/2003">
  <ItemGroup>
    <ClInclude Include="libmfx\include\mfx_critical_section.h">
      <Filter>libmfx</Filter>
    </ClInclude>
    <ClInclude Include="libmfx\include\mfx_dispatcher.h">
      <Filter>libmfx</Filter>
    </ClInclude>
    <ClInclude Include="libmfx\include\mfx_dispatcher_defs.h">
      <Filter>libmfx</Filter>
    </ClInclude>
    <ClInclude Include="libmfx\include\mfx_dispatcher_log.h">
      <Filter>libmfx</Filter>
    </ClInclude>
    <ClInclude Include="libmfx\include\mfx_dxva2_device.h">
      <Filter>libmfx</Filter>
    </ClInclude>
    <ClInclude Include="libmfx\include\mfx_exposed_functions_list.h">
      <Filter>libmfx</Filter>
    </ClInclude>
    <ClInclude Include="libmfx\include\mfx_library_iterator.h">
      <Filter>libmfx</Filter>
    </ClInclude>
    <ClInclude Include="libmfx\include\mfx_load_dll.h">
      <Filter>libmfx</Filter>
    </ClInclude>
    <ClInclude Include="libmfx\include\mfx_load_plugin.h">
      <Filter>libmfx</Filter>
    </ClInclude>
    <ClInclude Include="libmfx\include\mfx_plugin_hive.h">
      <Filter>libmfx</Filter>
    </ClInclude>
    <ClInclude Include="libmfx\include\mfx_vector.h">
      <Filter>libmfx</Filter>
    </ClInclude>
    <ClInclude Include="libmfx\include\mfx_win_reg_key.h">
      <Filter>libmfx</Filter>
    </ClInclude>
    <ClInclude Include="libmfx\include\mfxaudio_exposed_functions_list.h">
      <Filter>libmfx</Filter>
    </ClInclude>
    <ClInclude Include="libmfx\include\msdk\include\mfxastructures.h">
      <Filter>libmfx\msdk</Filter>
    </ClInclude>
    <ClInclude Include="libmfx\include\msdk\include\mfxaudio.h">
      <Filter>libmfx\msdk</Filter>
    </ClInclude>
    <ClInclude Include="libmfx\include\msdk\include\mfxaudio++.h">
      <Filter>libmfx\msdk</Filter>
    </ClInclude>
    <ClInclude Include="libmfx\include\msdk\include\mfxcommon.h">
      <Filter>libmfx\msdk</Filter>
    </ClInclude>
    <ClInclude Include="libmfx\include\msdk\include\mfxdefs.h">
      <Filter>libmfx\msdk</Filter>
    </ClInclude>
    <ClInclude Include="libmfx\include\msdk\include\mfxenc.h">
      <Filter>libmfx\msdk</Filter>
    </ClInclude>
    <ClInclude Include="libmfx\include\msdk\include\mfxjpeg.h">
      <Filter>libmfx\msdk</Filter>
    </ClInclude>
    <ClInclude Include="libmfx\include\msdk\include\mfxmvc.h">
      <Filter>libmfx\msdk</Filter>
    </ClInclude>
    <ClInclude Include="libmfx\include\msdk\include\mfxpak.h">
      <Filter>libmfx\msdk</Filter>
    </ClInclude>
    <ClInclude Include="libmfx\include\msdk\include\mfxplugin.h">
      <Filter>libmfx\msdk</Filter>
    </ClInclude>
    <ClInclude Include="libmfx\include\msdk\include\mfxplugin++.h">
      <Filter>libmfx\msdk</Filter>
    </ClInclude>
    <ClInclude Include="libmfx\include\msdk\include\mfxsession.h">
      <Filter>libmfx\msdk</Filter>
    </ClInclude>
    <ClInclude Include="libmfx\include\msdk\include\mfxstructures.h">
      <Filter>libmfx\msdk</Filter>
    </ClInclude>
    <ClInclude Include="libmfx\include\msdk\include\mfxvideo.h">
      <Filter>libmfx\msdk</Filter>
    </ClInclude>
    <ClInclude Include="libmfx\include\msdk\include\mfxvideo++.h">
      <Filter>libmfx\msdk</Filter>
    </ClInclude>
    <ClInclude Include="libmfx\include\msdk\include\mfxvstructures.h">
      <Filter>libmfx\msdk</Filter>
    </ClInclude>
    <ClInclude Include="common_directx9.h">
      <Filter>obs-qsv11</Filter>
    </ClInclude>
    <ClInclude Include="common_directx11.h">
      <Filter>obs-qsv11</Filter>
    </ClInclude>
    <ClInclude Include="common_utils.h">
      <Filter>obs-qsv11</Filter>
    </ClInclude>
    <ClInclude Include="device_directx9.h">
      <Filter>obs-qsv11</Filter>
    </ClInclude>
    <ClInclude Include="QSV_Encoder.h">
      <Filter>obs-qsv11</Filter>
    </ClInclude>
    <ClInclude Include="QSV_Encoder_Internal.h">
      <Filter>obs-qsv11</Filter>
    </ClInclude>
  </ItemGroup>
  <ItemGroup>
    <Filter Include="libmfx">
      <UniqueIdentifier>{24564BB0-037A-32FE-8A7C-0320ADAE4739}</UniqueIdentifier>
    </Filter>
    <Filter Include="obs-qsv11">
      <UniqueIdentifier>{726E3D96-8727-37BB-BAE6-CB60617FB90C}</UniqueIdentifier>
    </Filter>
    <Filter Include="libmfx\msdk">
      <UniqueIdentifier>{8dc92aa9-f4aa-41ed-9995-c19eb41c1abd}</UniqueIdentifier>
    </Filter>
  </ItemGroup>
  <ItemGroup>
    <ClCompile Include="common_directx9.cpp">
      <Filter>obs-qsv11</Filter>
    </ClCompile>
    <ClCompile Include="common_directx11.cpp">
      <Filter>obs-qsv11</Filter>
    </ClCompile>
    <ClCompile Include="common_utils.cpp">
      <Filter>obs-qsv11</Filter>
    </ClCompile>
    <ClCompile Include="common_utils_windows.cpp">
      <Filter>obs-qsv11</Filter>
    </ClCompile>
    <ClCompile Include="device_directx9.cpp">
      <Filter>obs-qsv11</Filter>
    </ClCompile>
    <ClCompile Include="obs-qsv11.c">
      <Filter>obs-qsv11</Filter>
    </ClCompile>
    <ClCompile Include="obs-qsv11-plugin-main.c">
      <Filter>obs-qsv11</Filter>
    </ClCompile>
    <ClCompile Include="QSV_Encoder.cpp">
      <Filter>obs-qsv11</Filter>
    </ClCompile>
    <ClCompile Include="QSV_Encoder_Internal.cpp">
      <Filter>obs-qsv11</Filter>
    </ClCompile>
    <ClCompile Include="libmfx\src\main.cpp">
      <Filter>libmfx</Filter>
    </ClCompile>
    <ClCompile Include="libmfx\src\mfx_critical_section.cpp">
      <Filter>libmfx</Filter>
    </ClCompile>
    <ClCompile Include="libmfx\src\mfx_dispatcher.cpp">
      <Filter>libmfx</Filter>
    </ClCompile>
    <ClCompile Include="libmfx\src\mfx_dispatcher_log.cpp">
      <Filter>libmfx</Filter>
    </ClCompile>
    <ClCompile Include="libmfx\src\mfx_dxva2_device.cpp">
      <Filter>libmfx</Filter>
    </ClCompile>
    <ClCompile Include="libmfx\src\mfx_function_table.cpp">
      <Filter>libmfx</Filter>
    </ClCompile>
    <ClCompile Include="libmfx\src\mfx_library_iterator.cpp">
      <Filter>libmfx</Filter>
    </ClCompile>
    <ClCompile Include="libmfx\src\mfx_load_dll.cpp">
      <Filter>libmfx</Filter>
    </ClCompile>
    <ClCompile Include="libmfx\src\mfx_load_plugin.cpp">
      <Filter>libmfx</Filter>
    </ClCompile>
    <ClCompile Include="libmfx\src\mfx_plugin_hive.cpp">
      <Filter>libmfx</Filter>
    </ClCompile>
    <ClCompile Include="libmfx\src\mfx_win_reg_key.cpp">
      <Filter>libmfx</Filter>
    </ClCompile>
  </ItemGroup>
</Project>