<?xml version="1.0" encoding="utf-8"?>
<Project ToolsVersion="4.0" xmlns="http://schemas.microsoft.com/developer/msbuild/2003">
  <ItemGroup>
    <Filter Include="资源文件">
      <UniqueIdentifier>{67DA6AB6-F800-4c08-8B7A-83BB121AAD01}</UniqueIdentifier>
      <Extensions>rc;ico;cur;bmp;dlg;rc2;rct;bin;rgs;gif;jpg;jpeg;jpe;resx;tiff;tif;png;wav;mfcribbon-ms</Extensions>
    </Filter>
    <Filter Include="project">
      <UniqueIdentifier>{fe6f001a-fdcf-4316-835d-317bd7d15230}</UniqueIdentifier>
    </Filter>
    <Filter Include="common">
      <UniqueIdentifier>{bd76023f-f739-4b4b-928d-5469203e2618}</UniqueIdentifier>
    </Filter>
    <Filter Include="function">
      <UniqueIdentifier>{fcc597c4-b85d-4c5f-a734-821f796973f1}</UniqueIdentifier>
    </Filter>
  </ItemGroup>
  <ItemGroup>
    <ResourceCompile Include="obs.rc">
      <Filter>资源文件</Filter>
    </ResourceCompile>
  </ItemGroup>
  <ItemGroup>
    <Image Include="small.ico">
      <Filter>资源文件</Filter>
    </Image>
    <Image Include="obs.ico">
      <Filter>资源文件</Filter>
    </Image>
  </ItemGroup>
  <ItemGroup>
    <ClCompile Include="main.cpp" />
    <ClCompile Include="stdafx.cpp">
      <Filter>project</Filter>
    </ClCompile>
    <ClCompile Include="threadTaskPool.cpp">
      <Filter>common</Filter>
    </ClCompile>
    <ClCompile Include="CqtUtil.cpp">
      <Filter>common</Filter>
    </ClCompile>
    <ClCompile Include="obs-path.cpp">
      <Filter>function</Filter>
    </ClCompile>
    <ClCompile Include="obs-app.cpp">
      <Filter>function</Filter>
    </ClCompile>
    <ClCompile Include="obs-logging.cpp">
      <Filter>function</Filter>
    </ClCompile>
  </ItemGroup>
  <ItemGroup>
    <ClInclude Include="Resource.h">
      <Filter>资源文件</Filter>
    </ClInclude>
    <ClInclude Include="targetver.h">
      <Filter>project</Filter>
    </ClInclude>
    <ClInclude Include="stdafx.h">
      <Filter>project</Filter>
    </ClInclude>
    <ClInclude Include="obs_define.h">
      <Filter>common</Filter>
    </ClInclude>
    <ClInclude Include="ObserContainer.hpp">
      <Filter>common</Filter>
    </ClInclude>
    <ClInclude Include="threadTaskPool.h">
      <Filter>common</Filter>
    </ClInclude>
    <ClInclude Include="CqtUtil.h">
      <Filter>common</Filter>
    </ClInclude>
    <ClInclude Include="obs-path.h">
      <Filter>function</Filter>
    </ClInclude>
    <ClInclude Include="obs-app.h">
      <Filter>function</Filter>
    </ClInclude>
    <ClInclude Include="obs-logging.h">
      <Filter>function</Filter>
    </ClInclude>
  </ItemGroup>
</Project>